// !$*UTF8*$!
{
	archiveVersion = 1;
	classes = {
	};
	objectVersion = 77;
	objects = {

/* Begin PBXContainerItemProxy section */
		DAE19B9E2D5596B800D6ECCD /* PBXContainerItemProxy */ = {
			isa = PBXContainerItemProxy;
			containerPortal = DAE19B852D5596B700D6ECCD /* Project object */;
			proxyType = 1;
			remoteGlobalIDString = DAE19B8C2D5596B700D6ECCD;
			remoteInfo = TalkLikeAPirate;
		};
		DAE19BA82D5596B800D6ECCD /* PBXContainerItemProxy */ = {
			isa = PBXContainerItemProxy;
			containerPortal = DAE19B852D5596B700D6ECCD /* Project object */;
			proxyType = 1;
			remoteGlobalIDString = DAE19B8C2D5596B700D6ECCD;
			remoteInfo = TalkLikeAPirate;
		};
/* End PBXContainerItemProxy section */

/* Begin PBXFileReference section */
		DAE19B8D2D5596B700D6ECCD /* TalkLikeAPirate.app */ = {isa = PBXFileReference; explicitFileType = wrapper.application; includeInIndex = 0; path = TalkLikeAPirate.app; sourceTree = BUILT_PRODUCTS_DIR; };
		DAE19B9D2D5596B800D6ECCD /* TalkLikeAPirateTests.xctest */ = {isa = PBXFileReference; explicitFileType = wrapper.cfbundle; includeInIndex = 0; path = TalkLikeAPirateTests.xctest; sourceTree = BUILT_PRODUCTS_DIR; };
		DAE19BA72D5596B800D6ECCD /* TalkLikeAPirateUITests.xctest */ = {isa = PBXFileReference; explicitFileType = wrapper.cfbundle; includeInIndex = 0; path = TalkLikeAPirateUITests.xctest; sourceTree = BUILT_PRODUCTS_DIR; };
/* End PBXFileReference section */

/* Begin PBXFileSystemSynchronizedRootGroup section */
		DAE19B8F2D5596B700D6ECCD /* TalkLikeAPirate */ = {
			isa = PBXFileSystemSynchronizedRootGroup;
			path = TalkLikeAPirate;
			sourceTree = "<group>";
		};
		DAE19BA02D5596B800D6ECCD /* TalkLikeAPirateTests */ = {
			isa = PBXFileSystemSynchronizedRootGroup;
			path = TalkLikeAPirateTests;
			sourceTree = "<group>";
		};
		DAE19BAA2D5596B800D6ECCD /* TalkLikeAPirateUITests */ = {
			isa = PBXFileSystemSynchronizedRootGroup;
			path = TalkLikeAPirateUITests;
			sourceTree = "<group>";
		};
/* End PBXFileSystemSynchronizedRootGroup section */

/* Begin PBXFrameworksBuildPhase section */
		DAE19B8A2D5596B700D6ECCD /* Frameworks */ = {
			isa = PBXFrameworksBuildPhase;
			buildActionMask = 2147483647;
			files = (
			);
			runOnlyForDeploymentPostprocessing = 0;
		};
		DAE19B9A2D5596B800D6ECCD /* Frameworks */ = {
			isa = PBXFrameworksBuildPhase;
			buildActionMask = 2147483647;
			files = (
			);
			runOnlyForDeploymentPostprocessing = 0;
		};
		DAE19BA42D5596B800D6ECCD /* Frameworks */ = {
			isa = PBXFrameworksBuildPhase;
			buildActionMask = 2147483647;
			files = (
			);
			runOnlyForDeploymentPostprocessing = 0;
		};
/* End PBXFrameworksBuildPhase section */

/* Begin PBXGroup section */
		DAE19B842D5596B700D6ECCD = {
			isa = PBXGroup;
			children = (
				DAE19B8F2D5596B700D6ECCD /* TalkLikeAPirate */,
				DAE19BA02D5596B800D6ECCD /* TalkLikeAPirateTests */,
				DAE19BAA2D5596B800D6ECCD /* TalkLikeAPirateUITests */,
				DAE19B8E2D5596B700D6ECCD /* Products */,
			);
			sourceTree = "<group>";
		};
		DAE19B8E2D5596B700D6ECCD /* Products */ = {
			isa = PBXGroup;
			children = (
				DAE19B8D2D5596B700D6ECCD /* TalkLikeAPirate.app */,
				DAE19B9D2D5596B800D6ECCD /* TalkLikeAPirateTests.xctest */,
				DAE19BA72D5596B800D6ECCD /* TalkLikeAPirateUITests.xctest */,
			);
			name = Products;
			sourceTree = "<group>";
		};
/* End PBXGroup section */

/* Begin PBXNativeTarget section */
		DAE19B8C2D5596B700D6ECCD /* TalkLikeAPirate */ = {
			isa = PBXNativeTarget;
			buildConfigurationList = DAE19BB12D5596B800D6ECCD /* Build configuration list for PBXNativeTarget "TalkLikeAPirate" */;
			buildPhases = (
				DAE19B892D5596B700D6ECCD /* Sources */,
				DAE19B8A2D5596B700D6ECCD /* Frameworks */,
				DAE19B8B2D5596B700D6ECCD /* Resources */,
			);
			buildRules = (
			);
			dependencies = (
			);
			fileSystemSynchronizedGroups = (
				DAE19B8F2D5596B700D6ECCD /* TalkLikeAPirate */,
			);
			name = TalkLikeAPirate;
			packageProductDependencies = (
			);
			productName = TalkLikeAPirate;
			productReference = DAE19B8D2D5596B700D6ECCD /* TalkLikeAPirate.app */;
			productType = "com.apple.product-type.application";
		};
		DAE19B9C2D5596B800D6ECCD /* TalkLikeAPirateTests */ = {
			isa = PBXNativeTarget;
			buildConfigurationList = DAE19BB42D5596B800D6ECCD /* Build configuration list for PBXNativeTarget "TalkLikeAPirateTests" */;
			buildPhases = (
				DAE19B992D5596B800D6ECCD /* Sources */,
				DAE19B9A2D5596B800D6ECCD /* Frameworks */,
				DAE19B9B2D5596B800D6ECCD /* Resources */,
			);
			buildRules = (
			);
			dependencies = (
				DAE19B9F2D5596B800D6ECCD /* PBXTargetDependency */,
			);
			fileSystemSynchronizedGroups = (
				DAE19BA02D5596B800D6ECCD /* TalkLikeAPirateTests */,
			);
			name = TalkLikeAPirateTests;
			packageProductDependencies = (
			);
			productName = TalkLikeAPirateTests;
			productReference = DAE19B9D2D5596B800D6ECCD /* TalkLikeAPirateTests.xctest */;
			productType = "com.apple.product-type.bundle.unit-test";
		};
		DAE19BA62D5596B800D6ECCD /* TalkLikeAPirateUITests */ = {
			isa = PBXNativeTarget;
			buildConfigurationList = DAE19BB72D5596B800D6ECCD /* Build configuration list for PBXNativeTarget "TalkLikeAPirateUITests" */;
			buildPhases = (
				DAE19BA32D5596B800D6ECCD /* Sources */,
				DAE19BA42D5596B800D6ECCD /* Frameworks */,
				DAE19BA52D5596B800D6ECCD /* Resources */,
			);
			buildRules = (
			);
			dependencies = (
				DAE19BA92D5596B800D6ECCD /* PBXTargetDependency */,
			);
			fileSystemSynchronizedGroups = (
				DAE19BAA2D5596B800D6ECCD /* TalkLikeAPirateUITests */,
			);
			name = TalkLikeAPirateUITests;
			packageProductDependencies = (
			);
			productName = TalkLikeAPirateUITests;
			productReference = DAE19BA72D5596B800D6ECCD /* TalkLikeAPirateUITests.xctest */;
			productType = "com.apple.product-type.bundle.ui-testing";
		};
/* End PBXNativeTarget section */

/* Begin PBXProject section */
		DAE19B852D5596B700D6ECCD /* Project object */ = {
			isa = PBXProject;
			attributes = {
				BuildIndependentTargetsInParallel = 1;
				LastSwiftUpdateCheck = 1620;
				LastUpgradeCheck = 1620;
				TargetAttributes = {
					DAE19B8C2D5596B700D6ECCD = {
						CreatedOnToolsVersion = 16.2;
					};
					DAE19B9C2D5596B800D6ECCD = {
						CreatedOnToolsVersion = 16.2;
						TestTargetID = DAE19B8C2D5596B700D6ECCD;
					};
					DAE19BA62D5596B800D6ECCD = {
						CreatedOnToolsVersion = 16.2;
						TestTargetID = DAE19B8C2D5596B700D6ECCD;
					};
				};
			};
			buildConfigurationList = DAE19B882D5596B700D6ECCD /* Build configuration list for PBXProject "TalkLikeAPirate" */;
			developmentRegion = en;
			hasScannedForEncodings = 0;
			knownRegions = (
				en,
				Base,
			);
			mainGroup = DAE19B842D5596B700D6ECCD;
			minimizedProjectReferenceProxies = 1;
			preferredProjectObjectVersion = 77;
			productRefGroup = DAE19B8E2D5596B700D6ECCD /* Products */;
			projectDirPath = "";
			projectRoot = "";
			targets = (
				DAE19B8C2D5596B700D6ECCD /* TalkLikeAPirate */,
				DAE19B9C2D5596B800D6ECCD /* TalkLikeAPirateTests */,
				DAE19BA62D5596B800D6ECCD /* TalkLikeAPirateUITests */,
			);
		};
/* End PBXProject section */

/* Begin PBXResourcesBuildPhase section */
		DAE19B8B2D5596B700D6ECCD /* Resources */ = {
			isa = PBXResourcesBuildPhase;
			buildActionMask = 2147483647;
			files = (
			);
			runOnlyForDeploymentPostprocessing = 0;
		};
		DAE19B9B2D5596B800D6ECCD /* Resources */ = {
			isa = PBXResourcesBuildPhase;
			buildActionMask = 2147483647;
			files = (
			);
			runOnlyForDeploymentPostprocessing = 0;
		};
		DAE19BA52D5596B800D6ECCD /* Resources */ = {
			isa = PBXResourcesBuildPhase;
			buildActionMask = 2147483647;
			files = (
			);
			runOnlyForDeploymentPostprocessing = 0;
		};
/* End PBXResourcesBuildPhase section */

/* Begin PBXSourcesBuildPhase section */
		DAE19B892D5596B700D6ECCD /* Sources */ = {
			isa = PBXSourcesBuildPhase;
			buildActionMask = 2147483647;
			files = (
			);
			runOnlyForDeploymentPostprocessing = 0;
		};
		DAE19B992D5596B800D6ECCD /* Sources */ = {
			isa = PBXSourcesBuildPhase;
			buildActionMask = 2147483647;
			files = (
			);
			runOnlyForDeploymentPostprocessing = 0;
		};
		DAE19BA32D5596B800D6ECCD /* Sources */ = {
			isa = PBXSourcesBuildPhase;
			buildActionMask = 2147483647;
			files = (
			);
			runOnlyForDeploymentPostprocessing = 0;
		};
/* End PBXSourcesBuildPhase section */

/* Begin PBXTargetDependency section */
		DAE19B9F2D5596B800D6ECCD /* PBXTargetDependency */ = {
			isa = PBXTargetDependency;
			target = DAE19B8C2D5596B700D6ECCD /* TalkLikeAPirate */;
			targetProxy = DAE19B9E2D5596B800D6ECCD /* PBXContainerItemProxy */;
		};
		DAE19BA92D5596B800D6ECCD /* PBXTargetDependency */ = {
			isa = PBXTargetDependency;
			target = DAE19B8C2D5596B700D6ECCD /* TalkLikeAPirate */;
			targetProxy = DAE19BA82D5596B800D6ECCD /* PBXContainerItemProxy */;
		};
/* End PBXTargetDependency section */

/* Begin XCBuildConfiguration section */
		DAE19BAF2D5596B800D6ECCD /* Debug */ = {
			isa = XCBuildConfiguration;
			buildSettings = {
				ALWAYS_SEARCH_USER_PATHS = NO;
				ASSETCATALOG_COMPILER_GENERATE_SWIFT_ASSET_SYMBOL_EXTENSIONS = YES;
				CLANG_ANALYZER_NONNULL = YES;
				CLANG_ANALYZER_NUMBER_OBJECT_CONVERSION = YES_AGGRESSIVE;
				CLANG_CXX_LANGUAGE_STANDARD = "gnu++20";
				CLANG_ENABLE_MODULES = YES;
				CLANG_ENABLE_OBJC_ARC = YES;
				CLANG_ENABLE_OBJC_WEAK = YES;
				CLANG_WARN_BLOCK_CAPTURE_AUTORELEASING = YES;
				CLANG_WARN_BOOL_CONVERSION = YES;
				CLANG_WARN_COMMA = YES;
				CLANG_WARN_CONSTANT_CONVERSION = YES;
				CLANG_WARN_DEPRECATED_OBJC_IMPLEMENTATIONS = YES;
				CLANG_WARN_DIRECT_OBJC_ISA_USAGE = YES_ERROR;
				CLANG_WARN_DOCUMENTATION_COMMENTS = YES;
				CLANG_WARN_EMPTY_BODY = YES;
				CLANG_WARN_ENUM_CONVERSION = YES;
				CLANG_WARN_INFINITE_RECURSION = YES;
				CLANG_WARN_INT_CONVERSION = YES;
				CLANG_WARN_NON_LITERAL_NULL_CONVERSION = YES;
				CLANG_WARN_OBJC_IMPLICIT_RETAIN_SELF = YES;
				CLANG_WARN_OBJC_LITERAL_CONVERSION = YES;
				CLANG_WARN_OBJC_ROOT_CLASS = YES_ERROR;
				CLANG_WARN_QUOTED_INCLUDE_IN_FRAMEWORK_HEADER = YES;
				CLANG_WARN_RANGE_LOOP_ANALYSIS = YES;
				CLANG_WARN_STRICT_PROTOTYPES = YES;
				CLANG_WARN_SUSPICIOUS_MOVE = YES;
				CLANG_WARN_UNGUARDED_AVAILABILITY = YES_AGGRESSIVE;
				CLANG_WARN_UNREACHABLE_CODE = YES;
				CLANG_WARN__DUPLICATE_METHOD_MATCH = YES;
				COPY_PHASE_STRIP = NO;
				DEBUG_INFORMATION_FORMAT = dwarf;
				ENABLE_STRICT_OBJC_MSGSEND = YES;
				ENABLE_TESTABILITY = YES;
				ENABLE_USER_SCRIPT_SANDBOXING = YES;
				GCC_C_LANGUAGE_STANDARD = gnu17;
				GCC_DYNAMIC_NO_PIC = NO;
				GCC_NO_COMMON_BLOCKS = YES;
				GCC_OPTIMIZATION_LEVEL = 0;
				GCC_PREPROCESSOR_DEFINITIONS = (
					"DEBUG=1",
					"$(inherited)",
				);
				GCC_WARN_64_TO_32_BIT_CONVERSION = YES;
				GCC_WARN_ABOUT_RETURN_TYPE = YES_ERROR;
				GCC_WARN_UNDECLARED_SELECTOR = YES;
				GCC_WARN_UNINITIALIZED_AUTOS = YES_AGGRESSIVE;
				GCC_WARN_UNUSED_FUNCTION = YES;
				GCC_WARN_UNUSED_VARIABLE = YES;
				IPHONEOS_DEPLOYMENT_TARGET = 18.2;
				LOCALIZATION_PREFERS_STRING_CATALOGS = YES;
				MTL_ENABLE_DEBUG_INFO = INCLUDE_SOURCE;
				MTL_FAST_MATH = YES;
				ONLY_ACTIVE_ARCH = YES;
				SDKROOT = iphoneos;
				SWIFT_ACTIVE_COMPILATION_CONDITIONS = "DEBUG $(inherited)";
				SWIFT_OPTIMIZATION_LEVEL = "-Onone";
			};
			name = Debug;
		};
		DAE19BB02D5596B800D6ECCD /* Release */ = {
			isa = XCBuildConfiguration;
			buildSettings = {
				ALWAYS_SEARCH_USER_PATHS = NO;
				ASSETCATALOG_COMPILER_GENERATE_SWIFT_ASSET_SYMBOL_EXTENSIONS = YES;
				CLANG_ANALYZER_NONNULL = YES;
				CLANG_ANALYZER_NUMBER_OBJECT_CONVERSION = YES_AGGRESSIVE;
				CLANG_CXX_LANGUAGE_STANDARD = "gnu++20";
				CLANG_ENABLE_MODULES = YES;
				CLANG_ENABLE_OBJC_ARC = YES;
				CLANG_ENABLE_OBJC_WEAK = YES;
				CLANG_WARN_BLOCK_CAPTURE_AUTORELEASING = YES;
				CLANG_WARN_BOOL_CONVERSION = YES;
				CLANG_WARN_COMMA = YES;
				CLANG_WARN_CONSTANT_CONVERSION = YES;
				CLANG_WARN_DEPRECATED_OBJC_IMPLEMENTATIONS = YES;
				CLANG_WARN_DIRECT_OBJC_ISA_USAGE = YES_ERROR;
				CLANG_WARN_DOCUMENTATION_COMMENTS = YES;
				CLANG_WARN_EMPTY_BODY = YES;
				CLANG_WARN_ENUM_CONVERSION = YES;
				CLANG_WARN_INFINITE_RECURSION = YES;
				CLANG_WARN_INT_CONVERSION = YES;
				CLANG_WARN_NON_LITERAL_NULL_CONVERSION = YES;
				CLANG_WARN_OBJC_IMPLICIT_RETAIN_SELF = YES;
				CLANG_WARN_OBJC_LITERAL_CONVERSION = YES;
				CLANG_WARN_OBJC_ROOT_CLASS = YES_ERROR;
				CLANG_WARN_QUOTED_INCLUDE_IN_FRAMEWORK_HEADER = YES;
				CLANG_WARN_RANGE_LOOP_ANALYSIS = YES;
				CLANG_WARN_STRICT_PROTOTYPES = YES;
				CLANG_WARN_SUSPICIOUS_MOVE = YES;
				CLANG_WARN_UNGUARDED_AVAILABILITY = YES_AGGRESSIVE;
				CLANG_WARN_UNREACHABLE_CODE = YES;
				CLANG_WARN__DUPLICATE_METHOD_MATCH = YES;
				COPY_PHASE_STRIP = NO;
				DEBUG_INFORMATION_FORMAT = "dwarf-with-dsym";
				ENABLE_NS_ASSERTIONS = NO;
				ENABLE_STRICT_OBJC_MSGSEND = YES;
				ENABLE_USER_SCRIPT_SANDBOXING = YES;
				GCC_C_LANGUAGE_STANDARD = gnu17;
				GCC_NO_COMMON_BLOCKS = YES;
				GCC_WARN_64_TO_32_BIT_CONVERSION = YES;
				GCC_WARN_ABOUT_RETURN_TYPE = YES_ERROR;
				GCC_WARN_UNDECLARED_SELECTOR = YES;
				GCC_WARN_UNINITIALIZED_AUTOS = YES_AGGRESSIVE;
				GCC_WARN_UNUSED_FUNCTION = YES;
				GCC_WARN_UNUSED_VARIABLE = YES;
				IPHONEOS_DEPLOYMENT_TARGET = 18.2;
				LOCALIZATION_PREFERS_STRING_CATALOGS = YES;
				MTL_ENABLE_DEBUG_INFO = NO;
				MTL_FAST_MATH = YES;
				SDKROOT = iphoneos;
				SWIFT_COMPILATION_MODE = wholemodule;
				VALIDATE_PRODUCT = YES;
			};
			name = Release;
		};
		DAE19BB22D5596B800D6ECCD /* Debug */ = {
			isa = XCBuildConfiguration;
			buildSettings = {
				ASSETCATALOG_COMPILER_APPICON_NAME = AppIcon;
				ASSETCATALOG_COMPILER_GLOBAL_ACCENT_COLOR_NAME = AccentColor;
				CODE_SIGN_STYLE = Automatic;
				CURRENT_PROJECT_VERSION = 1;
				DEVELOPMENT_ASSET_PATHS = "\"TalkLikeAPirate/Preview Content\"";
				DEVELOPMENT_TEAM = R7SHSK6MNC;
				ENABLE_PREVIEWS = YES;
				GENERATE_INFOPLIST_FILE = YES;
				INFOPLIST_KEY_UIApplicationSceneManifest_Generation = YES;
				INFOPLIST_KEY_UIApplicationSupportsIndirectInputEvents = YES;
				INFOPLIST_KEY_UILaunchScreen_Generation = YES;
				INFOPLIST_KEY_UISupportedInterfaceOrientations_iPad = "UIInterfaceOrientationPortrait UIInterfaceOrientationPortraitUpsideDown UIInterfaceOrientationLandscapeLeft UIInterfaceOrientationLandscapeRight";
				INFOPLIST_KEY_UISupportedInterfaceOrientations_iPhone = "UIInterfaceOrientationPortrait UIInterfaceOrientationLandscapeLeft UIInterfaceOrientationLandscapeRight";
				LD_RUNPATH_SEARCH_PATHS = (
					"$(inherited)",
					"@executable_path/Frameworks",
				);
				MARKETING_VERSION = 1.0;
				PRODUCT_BUNDLE_IDENTIFIER = com.KinneyKare.TalkLikeAPirate;
				PRODUCT_NAME = "$(TARGET_NAME)";
				SWIFT_EMIT_LOC_STRINGS = YES;
				SWIFT_VERSION = 5.0;
				TARGETED_DEVICE_FAMILY = "1,2";
			};
			name = Debug;
		};
		DAE19BB32D5596B800D6ECCD /* Release */ = {
			isa = XCBuildConfiguration;
			buildSettings = {
				ASSETCATALOG_COMPILER_APPICON_NAME = AppIcon;
				ASSETCATALOG_COMPILER_GLOBAL_ACCENT_COLOR_NAME = AccentColor;
				CODE_SIGN_STYLE = Automatic;
				CURRENT_PROJECT_VERSION = 1;
				DEVELOPMENT_ASSET_PATHS = "\"TalkLikeAPirate/Preview Content\"";
				DEVELOPMENT_TEAM = R7SHSK6MNC;
				ENABLE_PREVIEWS = YES;
				GENERATE_INFOPLIST_FILE = YES;
				INFOPLIST_KEY_UIApplicationSceneManifest_Generation = YES;
				INFOPLIST_KEY_UIApplicationSupportsIndirectInputEvents = YES;
				INFOPLIST_KEY_UILaunchScreen_Generation = YES;
				INFOPLIST_KEY_UISupportedInterfaceOrientations_iPad = "UIInterfaceOrientationPortrait UIInterfaceOrientationPortraitUpsideDown UIInterfaceOrientationLandscapeLeft UIInterfaceOrientationLandscapeRight";
				INFOPLIST_KEY_UISupportedInterfaceOrientations_iPhone = "UIInterfaceOrientationPortrait UIInterfaceOrientationLandscapeLeft UIInterfaceOrientationLandscapeRight";
				LD_RUNPATH_SEARCH_PATHS = (
					"$(inherited)",
					"@executable_path/Frameworks",
				);
				MARKETING_VERSION = 1.0;
				PRODUCT_BUNDLE_IDENTIFIER = com.KinneyKare.TalkLikeAPirate;
				PRODUCT_NAME = "$(TARGET_NAME)";
				SWIFT_EMIT_LOC_STRINGS = YES;
				SWIFT_VERSION = 5.0;
				TARGETED_DEVICE_FAMILY = "1,2";
			};
			name = Release;
		};
		DAE19BB52D5596B800D6ECCD /* Debug */ = {
			isa = XCBuildConfiguration;
			buildSettings = {
				BUNDLE_LOADER = "$(TEST_HOST)";
				CODE_SIGN_STYLE = Automatic;
				CURRENT_PROJECT_VERSION = 1;
				DEVELOPMENT_TEAM = R7SHSK6MNC;
				GENERATE_INFOPLIST_FILE = YES;
				IPHONEOS_DEPLOYMENT_TARGET = 18.2;
				MARKETING_VERSION = 1.0;
				PRODUCT_BUNDLE_IDENTIFIER = com.KinneyKare.TalkLikeAPirateTests;
				PRODUCT_NAME = "$(TARGET_NAME)";
				SWIFT_EMIT_LOC_STRINGS = NO;
				SWIFT_VERSION = 5.0;
				TARGETED_DEVICE_FAMILY = "1,2";
				TEST_HOST = "$(BUILT_PRODUCTS_DIR)/TalkLikeAPirate.app/$(BUNDLE_EXECUTABLE_FOLDER_PATH)/TalkLikeAPirate";
			};
			name = Debug;
		};
		DAE19BB62D5596B800D6ECCD /* Release */ = {
			isa = XCBuildConfiguration;
			buildSettings = {
				BUNDLE_LOADER = "$(TEST_HOST)";
				CODE_SIGN_STYLE = Automatic;
				CURRENT_PROJECT_VERSION = 1;
				DEVELOPMENT_TEAM = R7SHSK6MNC;
				GENERATE_INFOPLIST_FILE = YES;
				IPHONEOS_DEPLOYMENT_TARGET = 18.2;
				MARKETING_VERSION = 1.0;
				PRODUCT_BUNDLE_IDENTIFIER = com.KinneyKare.TalkLikeAPirateTests;
				PRODUCT_NAME = "$(TARGET_NAME)";
				SWIFT_EMIT_LOC_STRINGS = NO;
				SWIFT_VERSION = 5.0;
				TARGETED_DEVICE_FAMILY = "1,2";
				TEST_HOST = "$(BUILT_PRODUCTS_DIR)/TalkLikeAPirate.app/$(BUNDLE_EXECUTABLE_FOLDER_PATH)/TalkLikeAPirate";
			};
			name = Release;
		};
		DAE19BB82D5596B800D6ECCD /* Debug */ = {
			isa = XCBuildConfiguration;
			buildSettings = {
				CODE_SIGN_STYLE = Automatic;
				CURRENT_PROJECT_VERSION = 1;
				DEVELOPMENT_TEAM = R7SHSK6MNC;
				GENERATE_INFOPLIST_FILE = YES;
				MARKETING_VERSION = 1.0;
				PRODUCT_BUNDLE_IDENTIFIER = com.KinneyKare.TalkLikeAPirateUITests;
				PRODUCT_NAME = "$(TARGET_NAME)";
				SWIFT_EMIT_LOC_STRINGS = NO;
				SWIFT_VERSION = 5.0;
				TARGETED_DEVICE_FAMILY = "1,2";
				TEST_TARGET_NAME = TalkLikeAPirate;
			};
			name = Debug;
		};
		DAE19BB92D5596B800D6ECCD /* Release */ = {
			isa = XCBuildConfiguration;
			buildSettings = {
				CODE_SIGN_STYLE = Automatic;
				CURRENT_PROJECT_VERSION = 1;
				DEVELOPMENT_TEAM = R7SHSK6MNC;
				GENERATE_INFOPLIST_FILE = YES;
				MARKETING_VERSION = 1.0;
				PRODUCT_BUNDLE_IDENTIFIER = com.KinneyKare.TalkLikeAPirateUITests;
				PRODUCT_NAME = "$(TARGET_NAME)";
				SWIFT_EMIT_LOC_STRINGS = NO;
				SWIFT_VERSION = 5.0;
				TARGETED_DEVICE_FAMILY = "1,2";
				TEST_TARGET_NAME = TalkLikeAPirate;
			};
			name = Release;
		};
/* End XCBuildConfiguration section */

/* Begin XCConfigurationList section */
		DAE19B882D5596B700D6ECCD /* Build configuration list for PBXProject "TalkLikeAPirate" */ = {
			isa = XCConfigurationList;
			buildConfigurations = (
				DAE19BAF2D5596B800D6ECCD /* Debug */,
				DAE19BB02D5596B800D6ECCD /* Release */,
			);
			defaultConfigurationIsVisible = 0;
			defaultConfigurationName = Release;
		};
		DAE19BB12D5596B800D6ECCD /* Build configuration list for PBXNativeTarget "TalkLikeAPirate" */ = {
			isa = XCConfigurationList;
			buildConfigurations = (
				DAE19BB22D5596B800D6ECCD /* Debug */,
				DAE19BB32D5596B800D6ECCD /* Release */,
			);
			defaultConfigurationIsVisible = 0;
			defaultConfigurationName = Release;
		};
		DAE19BB42D5596B800D6ECCD /* Build configuration list for PBXNativeTarget "TalkLikeAPirateTests" */ = {
			isa = XCConfigurationList;
			buildConfigurations = (
				DAE19BB52D5596B800D6ECCD /* Debug */,
				DAE19BB62D5596B800D6ECCD /* Release */,
			);
			defaultConfigurationIsVisible = 0;
			defaultConfigurationName = Release;
		};
		DAE19BB72D5596B800D6ECCD /* Build configuration list for PBXNativeTarget "TalkLikeAPirateUITests" */ = {
			isa = XCConfigurationList;
			buildConfigurations = (
				DAE19BB82D5596B800D6ECCD /* Debug */,
				DAE19BB92D5596B800D6ECCD /* Release */,
			);
			defaultConfigurationIsVisible = 0;
			defaultConfigurationName = Release;
		};
/* End XCConfigurationList section */
	};
	rootObject = DAE19B852D5596B700D6ECCD /* Project object */;
}
